
Microsoft Visual Studio Solution File, Format Version 12.00
# Visual Studio 15
VisualStudioVersion = 15.0.26730.12
MinimumVisualStudioVersion = 10.0.40219.1
Project("{FAE04EC0-301F-11D3-BF4B-00C04F79EFBC}") = "client", "client\client.csproj", "{F6D8FC2E-62D0-4554-AC3E-1964042590E3}"
EndProject
Project("{FAE04EC0-301F-11D3-BF4B-00C04F79EFBC}") = "ServiceMultiGame", "ServiceMultiGame\ServiceMultiGame.csproj", "{0C57A3DC-558B-4B6D-B8FA-8DB1C13EC964}"
EndProject
Global
	GlobalSection(SolutionConfigurationPlatforms) = preSolution
		Debug|Any CPU = Debug|Any CPU
		Release|Any CPU = Release|Any CPU
	EndGlobalSection
	GlobalSection(ProjectConfigurationPlatforms) = postSolution
		{F6D8FC2E-62D0-4554-AC3E-1964042590E3}.Debug|Any CPU.ActiveCfg = Debug|Any CPU
		{F6D8FC2E-62D0-4554-AC3E-1964042590E3}.Debug|Any CPU.Build.0 = Debug|Any CPU
		{F6D8FC2E-62D0-4554-AC3E-1964042590E3}.Release|Any CPU.ActiveCfg = Release|Any CPU
		{F6D8FC2E-62D0-4554-AC3E-1964042590E3}.Release|Any CPU.Build.0 = Release|Any CPU
		{0C57A3DC-558B-4B6D-B8FA-8DB1C13EC964}.Debug|Any CPU.ActiveCfg = Debug|Any CPU
		{0C57A3DC-558B-4B6D-B8FA-8DB1C13EC964}.Debug|Any CPU.Build.0 = Debug|Any CPU
		{0C57A3DC-558B-4B6D-B8FA-8DB1C13EC964}.Release|Any CPU.ActiveCfg = Release|Any CPU
		{0C57A3DC-558B-4B6D-B8FA-8DB1C13EC964}.Release|Any CPU.Build.0 = Release|Any CPU
	EndGlobalSection
	GlobalSection(SolutionProperties) = preSolution
		HideSolutionNode = FALSE
	EndGlobalSection
	GlobalSection(ExtensibilityGlobals) = postSolution
		SolutionGuid = {984BCA6A-FCEC-4ED1-9AA2-B079BD91B076}
	EndGlobalSection
EndGlobal
